
Microsoft Visual Studio Solution File, Format Version 12.00
# Visual Studio Version 16
VisualStudioVersion = 16.0.29911.84
MinimumVisualStudioVersion = 10.0.40219.1
Project("{FAE04EC0-301F-11D3-BF4B-00C04F79EFBC}") = "Zadania 13-15", "Zadania 13-15\Zadania 13-15.csproj", "{1DA13CEF-A3CA-450F-A5A2-7A4E8D86F02B}"
EndProject
Global
	GlobalSection(SolutionConfigurationPlatforms) = preSolution
		Debug|Any CPU = Debug|Any CPU
		Release|Any CPU = Release|Any CPU
	EndGlobalSection
	GlobalSection(ProjectConfigurationPlatforms) = postSolution
		{1DA13CEF-A3CA-450F-A5A2-7A4E8D86F02B}.Debug|Any CPU.ActiveCfg = Debug|Any CPU
		{1DA13CEF-A3CA-450F-A5A2-7A4E8D86F02B}.Debug|Any CPU.Build.0 = Debug|Any CPU
		{1DA13CEF-A3CA-450F-A5A2-7A4E8D86F02B}.Release|Any CPU.ActiveCfg = Release|Any CPU
		{1DA13CEF-A3CA-450F-A5A2-7A4E8D86F02B}.Release|Any CPU.Build.0 = Release|Any CPU
	EndGlobalSection
	GlobalSection(SolutionProperties) = preSolution
		HideSolutionNode = FALSE
	EndGlobalSection
	GlobalSection(ExtensibilityGlobals) = postSolution
		SolutionGuid = {EEC86C90-D677-4328-A54B-9D6A367CA208}
	EndGlobalSection
EndGlobal
